
Microsoft Visual Studio Solution File, Format Version 12.00
# Visual Studio Version 16
VisualStudioVersion = 16.0.34902.97
MinimumVisualStudioVersion = 10.0.40219.1
Project("{FAE04EC0-301F-11D3-BF4B-00C04F79EFBC}") = "Simple Calculator", "Simple Calculator\Simple Calculator.csproj", "{D9CC2069-6978-4964-B6BA-C7565167C4E1}"
EndProject
Global
	GlobalSection(SolutionConfigurationPlatforms) = preSolution
		Debug|Any CPU = Debug|Any CPU
		Release|Any CPU = Release|Any CPU
	EndGlobalSection
	GlobalSection(ProjectConfigurationPlatforms) = postSolution
		{D9CC2069-6978-4964-B6BA-C7565167C4E1}.Debug|Any CPU.ActiveCfg = Debug|Any CPU
		{D9CC2069-6978-4964-B6BA-C7565167C4E1}.Debug|Any CPU.Build.0 = Debug|Any CPU
		{D9CC2069-6978-4964-B6BA-C7565167C4E1}.Release|Any CPU.ActiveCfg = Release|Any CPU
		{D9CC2069-6978-4964-B6BA-C7565167C4E1}.Release|Any CPU.Build.0 = Release|Any CPU
	EndGlobalSection
	GlobalSection(SolutionProperties) = preSolution
		HideSolutionNode = FALSE
	EndGlobalSection
	GlobalSection(ExtensibilityGlobals) = postSolution
		SolutionGuid = {B4439189-49BF-4E1E-BC93-81115243BA41}
	EndGlobalSection
EndGlobal
